
Microsoft Visual Studio Solution File, Format Version 12.00
# Visual Studio Version 17
VisualStudioVersion = 17.0.31903.59
MinimumVisualStudioVersion = 10.0.40219.1
Project("{FAE04EC0-301F-11D3-BF4B-00C04F79EFBC}") = "Crai.Desktop", "src\Crai.Desktop\Crai.Desktop.csproj", "{A1B2C3D4-E5F6-7890-ABCD-EF1234567890}"
EndProject
Project("{2150E333-8FDC-42A3-9474-1A3956D46DE8}") = "src", "src", "{827E0CD3-B72D-47B6-A68D-7590B98EB39B}"
EndProject
Project("{FAE04EC0-301F-11D3-BF4B-00C04F79EFBC}") = "Crai.Domain", "src\Crai.Domain\Crai.Domain.csproj", "{66AC1CF6-0497-4D6E-BD5E-30E8C452690F}"
EndProject
Project("{FAE04EC0-301F-11D3-BF4B-00C04F79EFBC}") = "Crai.Application", "src\Crai.Application\Crai.Application.csproj", "{1FE68D18-EC8E-441D-994A-47374E6FDF6D}"
EndProject
Project("{FAE04EC0-301F-11D3-BF4B-00C04F79EFBC}") = "Crai.Infrastructure", "src\Crai.Infrastructure\Crai.Infrastructure.csproj", "{2A9FB3E4-CE30-45A6-AABD-6891142B31F7}"
EndProject
Project("{FAE04EC0-301F-11D3-BF4B-00C04F79EFBC}") = "Crai.Platform.Windows", "src\Crai.Platform.Windows\Crai.Platform.Windows.csproj", "{7E7A6D05-5E04-4AAE-9DF0-15750098D7CE}"
EndProject
Project("{FAE04EC0-301F-11D3-BF4B-00C04F79EFBC}") = "Crai.Modules.Capture", "src\Crai.Modules.Capture\Crai.Modules.Capture.csproj", "{227E8FE7-C244-4BB2-B853-632FF904EC73}"
EndProject
Project("{FAE04EC0-301F-11D3-BF4B-00C04F79EFBC}") = "Crai.Modules.Recognition", "src\Crai.Modules.Recognition\Crai.Modules.Recognition.csproj", "{ADAB8B25-A68F-4A74-9E07-EF8CD6F527DE}"
EndProject
Project("{FAE04EC0-301F-11D3-BF4B-00C04F79EFBC}") = "Crai.Modules.Translation", "src\Crai.Modules.Translation\Crai.Modules.Translation.csproj", "{6D6EDFA3-6834-4CAF-8162-D14005928C4D}"
EndProject
Project("{FAE04EC0-301F-11D3-BF4B-00C04F79EFBC}") = "Crai.Modules.TextProcessing", "src\Crai.Modules.TextProcessing\Crai.Modules.TextProcessing.csproj", "{10ED3EB5-AED0-4CC8-8FCE-5123AAB8571B}"
EndProject
Project("{FAE04EC0-301F-11D3-BF4B-00C04F79EFBC}") = "Crai.Modules.Presentation", "src\Crai.Modules.Presentation\Crai.Modules.Presentation.csproj", "{DF0619FB-DFC3-4453-AFEF-9887FDA3ADCB}"
EndProject
Project("{FAE04EC0-301F-11D3-BF4B-00C04F79EFBC}") = "Crai.Modules.Storage", "src\Crai.Modules.Storage\Crai.Modules.Storage.csproj", "{2A6060E8-288E-4347-BCF8-0F26C7453D1B}"
EndProject
Project("{FAE04EC0-301F-11D3-BF4B-00C04F79EFBC}") = "Crai.Modules.Preferences", "src\Crai.Modules.Preferences\Crai.Modules.Preferences.csproj", "{97D9F52F-EAFC-47A4-9634-42E511A5E8F5}"
EndProject
Project("{FAE04EC0-301F-11D3-BF4B-00C04F79EFBC}") = "Crai.Modules.Diagnostics", "src\Crai.Modules.Diagnostics\Crai.Modules.Diagnostics.csproj", "{1F19106E-8BD8-43A4-9C0C-EBE11E93C5DF}"
EndProject
Project("{FAE04EC0-301F-11D3-BF4B-00C04F79EFBC}") = "Crai.Modules.ProviderMgmt", "src\Crai.Modules.ProviderMgmt\Crai.Modules.ProviderMgmt.csproj", "{DCFBC295-A4F9-4B55-BD14-4C827449A8BF}"
EndProject
Project("{FAE04EC0-301F-11D3-BF4B-00C04F79EFBC}") = "Crai.Modules.UiAdapter", "src\Crai.Modules.UiAdapter\Crai.Modules.UiAdapter.csproj", "{D6B5994A-B473-401E-B6F8-0E404B78F2FF}"
EndProject
Project("{FAE04EC0-301F-11D3-BF4B-00C04F79EFBC}") = "Crai.Runtime", "src\Crai.Runtime\Crai.Runtime.csproj", "{3FB232BC-C886-4ECF-A0D3-96CD8301A0DD}"
EndProject
Project("{2150E333-8FDC-42A3-9474-1A3956D46DE8}") = "tests", "tests", "{0AB3BF05-4346-4AA6-1389-037BE0695223}"
EndProject
Project("{FAE04EC0-301F-11D3-BF4B-00C04F79EFBC}") = "Crai.Domain.Tests", "tests\Crai.Domain.Tests\Crai.Domain.Tests.csproj", "{2A036F7F-D5DD-4E4F-AD3E-11E64FBC395A}"
EndProject
Project("{FAE04EC0-301F-11D3-BF4B-00C04F79EFBC}") = "Crai.Application.Tests", "tests\Crai.Application.Tests\Crai.Application.Tests.csproj", "{BEDFA8A8-CC2F-4F7E-8ECD-DE98A43910B4}"
EndProject
Project("{FAE04EC0-301F-11D3-BF4B-00C04F79EFBC}") = "Crai.Infrastructure.Tests", "tests\Crai.Infrastructure.Tests\Crai.Infrastructure.Tests.csproj", "{AE1C6C73-D94B-4B5B-88BD-7B317CFA7FA8}"
EndProject
Global
	GlobalSection(SolutionConfigurationPlatforms) = preSolution
		Debug|Any CPU = Debug|Any CPU
		Debug|x64 = Debug|x64
		Debug|x86 = Debug|x86
		Release|Any CPU = Release|Any CPU
		Release|x64 = Release|x64
		Release|x86 = Release|x86
	EndGlobalSection
	GlobalSection(ProjectConfigurationPlatforms) = postSolution
		{A1B2C3D4-E5F6-7890-ABCD-EF1234567890}.Debug|Any CPU.ActiveCfg = Debug|Any CPU
		{A1B2C3D4-E5F6-7890-ABCD-EF1234567890}.Debug|Any CPU.Build.0 = Debug|Any CPU
		{A1B2C3D4-E5F6-7890-ABCD-EF1234567890}.Debug|x64.ActiveCfg = Debug|Any CPU
		{A1B2C3D4-E5F6-7890-ABCD-EF1234567890}.Debug|x64.Build.0 = Debug|Any CPU
		{A1B2C3D4-E5F6-7890-ABCD-EF1234567890}.Debug|x86.ActiveCfg = Debug|Any CPU
		{A1B2C3D4-E5F6-7890-ABCD-EF1234567890}.Debug|x86.Build.0 = Debug|Any CPU
		{A1B2C3D4-E5F6-7890-ABCD-EF1234567890}.Release|Any CPU.ActiveCfg = Release|Any CPU
		{A1B2C3D4-E5F6-7890-ABCD-EF1234567890}.Release|Any CPU.Build.0 = Release|Any CPU
		{A1B2C3D4-E5F6-7890-ABCD-EF1234567890}.Release|x64.ActiveCfg = Release|Any CPU
		{A1B2C3D4-E5F6-7890-ABCD-EF1234567890}.Release|x64.Build.0 = Release|Any CPU
		{A1B2C3D4-E5F6-7890-ABCD-EF1234567890}.Release|x86.ActiveCfg = Release|Any CPU
		{A1B2C3D4-E5F6-7890-ABCD-EF1234567890}.Release|x86.Build.0 = Release|Any CPU
		{66AC1CF6-0497-4D6E-BD5E-30E8C452690F}.Debug|Any CPU.ActiveCfg = Debug|Any CPU
		{66AC1CF6-0497-4D6E-BD5E-30E8C452690F}.Debug|Any CPU.Build.0 = Debug|Any CPU
		{66AC1CF6-0497-4D6E-BD5E-30E8C452690F}.Debug|x64.ActiveCfg = Debug|Any CPU
		{66AC1CF6-0497-4D6E-BD5E-30E8C452690F}.Debug|x64.Build.0 = Debug|Any CPU
		{66AC1CF6-0497-4D6E-BD5E-30E8C452690F}.Debug|x86.ActiveCfg = Debug|Any CPU
		{66AC1CF6-0497-4D6E-BD5E-30E8C452690F}.Debug|x86.Build.0 = Debug|Any CPU
		{66AC1CF6-0497-4D6E-BD5E-30E8C452690F}.Release|Any CPU.ActiveCfg = Release|Any CPU
		{66AC1CF6-0497-4D6E-BD5E-30E8C452690F}.Release|Any CPU.Build.0 = Release|Any CPU
		{66AC1CF6-0497-4D6E-BD5E-30E8C452690F}.Release|x64.ActiveCfg = Release|Any CPU
		{66AC1CF6-0497-4D6E-BD5E-30E8C452690F}.Release|x64.Build.0 = Release|Any CPU
		{66AC1CF6-0497-4D6E-BD5E-30E8C452690F}.Release|x86.ActiveCfg = Release|Any CPU
		{66AC1CF6-0497-4D6E-BD5E-30E8C452690F}.Release|x86.Build.0 = Release|Any CPU
		{1FE68D18-EC8E-441D-994A-47374E6FDF6D}.Debug|Any CPU.ActiveCfg = Debug|Any CPU
		{1FE68D18-EC8E-441D-994A-47374E6FDF6D}.Debug|Any CPU.Build.0 = Debug|Any CPU
		{1FE68D18-EC8E-441D-994A-47374E6FDF6D}.Debug|x64.ActiveCfg = Debug|Any CPU
		{1FE68D18-EC8E-441D-994A-47374E6FDF6D}.Debug|x64.Build.0 = Debug|Any CPU
		{1FE68D18-EC8E-441D-994A-47374E6FDF6D}.Debug|x86.ActiveCfg = Debug|Any CPU
		{1FE68D18-EC8E-441D-994A-47374E6FDF6D}.Debug|x86.Build.0 = Debug|Any CPU
		{1FE68D18-EC8E-441D-994A-47374E6FDF6D}.Release|Any CPU.ActiveCfg = Release|Any CPU
		{1FE68D18-EC8E-441D-994A-47374E6FDF6D}.Release|Any CPU.Build.0 = Release|Any CPU
		{1FE68D18-EC8E-441D-994A-47374E6FDF6D}.Release|x64.ActiveCfg = Release|Any CPU
		{1FE68D18-EC8E-441D-994A-47374E6FDF6D}.Release|x64.Build.0 = Release|Any CPU
		{1FE68D18-EC8E-441D-994A-47374E6FDF6D}.Release|x86.ActiveCfg = Release|Any CPU
		{1FE68D18-EC8E-441D-994A-47374E6FDF6D}.Release|x86.Build.0 = Release|Any CPU
		{2A9FB3E4-CE30-45A6-AABD-6891142B31F7}.Debug|Any CPU.ActiveCfg = Debug|Any CPU
		{2A9FB3E4-CE30-45A6-AABD-6891142B31F7}.Debug|Any CPU.Build.0 = Debug|Any CPU
		{2A9FB3E4-CE30-45A6-AABD-6891142B31F7}.Debug|x64.ActiveCfg = Debug|Any CPU
		{2A9FB3E4-CE30-45A6-AABD-6891142B31F7}.Debug|x64.Build.0 = Debug|Any CPU
		{2A9FB3E4-CE30-45A6-AABD-6891142B31F7}.Debug|x86.ActiveCfg = Debug|Any CPU
		{2A9FB3E4-CE30-45A6-AABD-6891142B31F7}.Debug|x86.Build.0 = Debug|Any CPU
		{2A9FB3E4-CE30-45A6-AABD-6891142B31F7}.Release|Any CPU.ActiveCfg = Release|Any CPU
		{2A9FB3E4-CE30-45A6-AABD-6891142B31F7}.Release|Any CPU.Build.0 = Release|Any CPU
		{2A9FB3E4-CE30-45A6-AABD-6891142B31F7}.Release|x64.ActiveCfg = Release|Any CPU
		{2A9FB3E4-CE30-45A6-AABD-6891142B31F7}.Release|x64.Build.0 = Release|Any CPU
		{2A9FB3E4-CE30-45A6-AABD-6891142B31F7}.Release|x86.ActiveCfg = Release|Any CPU
		{2A9FB3E4-CE30-45A6-AABD-6891142B31F7}.Release|x86.Build.0 = Release|Any CPU
		{7E7A6D05-5E04-4AAE-9DF0-15750098D7CE}.Debug|Any CPU.ActiveCfg = Debug|Any CPU
		{7E7A6D05-5E04-4AAE-9DF0-15750098D7CE}.Debug|Any CPU.Build.0 = Debug|Any CPU
		{7E7A6D05-5E04-4AAE-9DF0-15750098D7CE}.Debug|x64.ActiveCfg = Debug|Any CPU
		{7E7A6D05-5E04-4AAE-9DF0-15750098D7CE}.Debug|x64.Build.0 = Debug|Any CPU
		{7E7A6D05-5E04-4AAE-9DF0-15750098D7CE}.Debug|x86.ActiveCfg = Debug|Any CPU
		{7E7A6D05-5E04-4AAE-9DF0-15750098D7CE}.Debug|x86.Build.0 = Debug|Any CPU
		{7E7A6D05-5E04-4AAE-9DF0-15750098D7CE}.Release|Any CPU.ActiveCfg = Release|Any CPU
		{7E7A6D05-5E04-4AAE-9DF0-15750098D7CE}.Release|Any CPU.Build.0 = Release|Any CPU
		{7E7A6D05-5E04-4AAE-9DF0-15750098D7CE}.Release|x64.ActiveCfg = Release|Any CPU
		{7E7A6D05-5E04-4AAE-9DF0-15750098D7CE}.Release|x64.Build.0 = Release|Any CPU
		{7E7A6D05-5E04-4AAE-9DF0-15750098D7CE}.Release|x86.ActiveCfg = Release|Any CPU
		{7E7A6D05-5E04-4AAE-9DF0-15750098D7CE}.Release|x86.Build.0 = Release|Any CPU
		{227E8FE7-C244-4BB2-B853-632FF904EC73}.Debug|Any CPU.ActiveCfg = Debug|Any CPU
		{227E8FE7-C244-4BB2-B853-632FF904EC73}.Debug|Any CPU.Build.0 = Debug|Any CPU
		{227E8FE7-C244-4BB2-B853-632FF904EC73}.Debug|x64.ActiveCfg = Debug|Any CPU
		{227E8FE7-C244-4BB2-B853-632FF904EC73}.Debug|x64.Build.0 = Debug|Any CPU
		{227E8FE7-C244-4BB2-B853-632FF904EC73}.Debug|x86.ActiveCfg = Debug|Any CPU
		{227E8FE7-C244-4BB2-B853-632FF904EC73}.Debug|x86.Build.0 = Debug|Any CPU
		{227E8FE7-C244-4BB2-B853-632FF904EC73}.Release|Any CPU.ActiveCfg = Release|Any CPU
		{227E8FE7-C244-4BB2-B853-632FF904EC73}.Release|Any CPU.Build.0 = Release|Any CPU
		{227E8FE7-C244-4BB2-B853-632FF904EC73}.Release|x64.ActiveCfg = Release|Any CPU
		{227E8FE7-C244-4BB2-B853-632FF904EC73}.Release|x64.Build.0 = Release|Any CPU
		{227E8FE7-C244-4BB2-B853-632FF904EC73}.Release|x86.ActiveCfg = Release|Any CPU
		{227E8FE7-C244-4BB2-B853-632FF904EC73}.Release|x86.Build.0 = Release|Any CPU
		{ADAB8B25-A68F-4A74-9E07-EF8CD6F527DE}.Debug|Any CPU.ActiveCfg = Debug|Any CPU
		{ADAB8B25-A68F-4A74-9E07-EF8CD6F527DE}.Debug|Any CPU.Build.0 = Debug|Any CPU
		{ADAB8B25-A68F-4A74-9E07-EF8CD6F527DE}.Debug|x64.ActiveCfg = Debug|Any CPU
		{ADAB8B25-A68F-4A74-9E07-EF8CD6F527DE}.Debug|x64.Build.0 = Debug|Any CPU
		{ADAB8B25-A68F-4A74-9E07-EF8CD6F527DE}.Debug|x86.ActiveCfg = Debug|Any CPU
		{ADAB8B25-A68F-4A74-9E07-EF8CD6F527DE}.Debug|x86.Build.0 = Debug|Any CPU
		{ADAB8B25-A68F-4A74-9E07-EF8CD6F527DE}.Release|Any CPU.ActiveCfg = Release|Any CPU
		{ADAB8B25-A68F-4A74-9E07-EF8CD6F527DE}.Release|Any CPU.Build.0 = Release|Any CPU
		{ADAB8B25-A68F-4A74-9E07-EF8CD6F527DE}.Release|x64.ActiveCfg = Release|Any CPU
		{ADAB8B25-A68F-4A74-9E07-EF8CD6F527DE}.Release|x64.Build.0 = Release|Any CPU
		{ADAB8B25-A68F-4A74-9E07-EF8CD6F527DE}.Release|x86.ActiveCfg = Release|Any CPU
		{ADAB8B25-A68F-4A74-9E07-EF8CD6F527DE}.Release|x86.Build.0 = Release|Any CPU
		{6D6EDFA3-6834-4CAF-8162-D14005928C4D}.Debug|Any CPU.ActiveCfg = Debug|Any CPU
		{6D6EDFA3-6834-4CAF-8162-D14005928C4D}.Debug|Any CPU.Build.0 = Debug|Any CPU
		{6D6EDFA3-6834-4CAF-8162-D14005928C4D}.Debug|x64.ActiveCfg = Debug|Any CPU
		{6D6EDFA3-6834-4CAF-8162-D14005928C4D}.Debug|x64.Build.0 = Debug|Any CPU
		{6D6EDFA3-6834-4CAF-8162-D14005928C4D}.Debug|x86.ActiveCfg = Debug|Any CPU
		{6D6EDFA3-6834-4CAF-8162-D14005928C4D}.Debug|x86.Build.0 = Debug|Any CPU
		{6D6EDFA3-6834-4CAF-8162-D14005928C4D}.Release|Any CPU.ActiveCfg = Release|Any CPU
		{6D6EDFA3-6834-4CAF-8162-D14005928C4D}.Release|Any CPU.Build.0 = Release|Any CPU
		{6D6EDFA3-6834-4CAF-8162-D14005928C4D}.Release|x64.ActiveCfg = Release|Any CPU
		{6D6EDFA3-6834-4CAF-8162-D14005928C4D}.Release|x64.Build.0 = Release|Any CPU
		{6D6EDFA3-6834-4CAF-8162-D14005928C4D}.Release|x86.ActiveCfg = Release|Any CPU
		{6D6EDFA3-6834-4CAF-8162-D14005928C4D}.Release|x86.Build.0 = Release|Any CPU
		{10ED3EB5-AED0-4CC8-8FCE-5123AAB8571B}.Debug|Any CPU.ActiveCfg = Debug|Any CPU
		{10ED3EB5-AED0-4CC8-8FCE-5123AAB8571B}.Debug|Any CPU.Build.0 = Debug|Any CPU
		{10ED3EB5-AED0-4CC8-8FCE-5123AAB8571B}.Debug|x64.ActiveCfg = Debug|Any CPU
		{10ED3EB5-AED0-4CC8-8FCE-5123AAB8571B}.Debug|x64.Build.0 = Debug|Any CPU
		{10ED3EB5-AED0-4CC8-8FCE-5123AAB8571B}.Debug|x86.ActiveCfg = Debug|Any CPU
		{10ED3EB5-AED0-4CC8-8FCE-5123AAB8571B}.Debug|x86.Build.0 = Debug|Any CPU
		{10ED3EB5-AED0-4CC8-8FCE-5123AAB8571B}.Release|Any CPU.ActiveCfg = Release|Any CPU
		{10ED3EB5-AED0-4CC8-8FCE-5123AAB8571B}.Release|Any CPU.Build.0 = Release|Any CPU
		{10ED3EB5-AED0-4CC8-8FCE-5123AAB8571B}.Release|x64.ActiveCfg = Release|Any CPU
		{10ED3EB5-AED0-4CC8-8FCE-5123AAB8571B}.Release|x64.Build.0 = Release|Any CPU
		{10ED3EB5-AED0-4CC8-8FCE-5123AAB8571B}.Release|x86.ActiveCfg = Release|Any CPU
		{10ED3EB5-AED0-4CC8-8FCE-5123AAB8571B}.Release|x86.Build.0 = Release|Any CPU
		{DF0619FB-DFC3-4453-AFEF-9887FDA3ADCB}.Debug|Any CPU.ActiveCfg = Debug|Any CPU
		{DF0619FB-DFC3-4453-AFEF-9887FDA3ADCB}.Debug|Any CPU.Build.0 = Debug|Any CPU
		{DF0619FB-DFC3-4453-AFEF-9887FDA3ADCB}.Debug|x64.ActiveCfg = Debug|Any CPU
		{DF0619FB-DFC3-4453-AFEF-9887FDA3ADCB}.Debug|x64.Build.0 = Debug|Any CPU
		{DF0619FB-DFC3-4453-AFEF-9887FDA3ADCB}.Debug|x86.ActiveCfg = Debug|Any CPU
		{DF0619FB-DFC3-4453-AFEF-9887FDA3ADCB}.Debug|x86.Build.0 = Debug|Any CPU
		{DF0619FB-DFC3-4453-AFEF-9887FDA3ADCB}.Release|Any CPU.ActiveCfg = Release|Any CPU
		{DF0619FB-DFC3-4453-AFEF-9887FDA3ADCB}.Release|Any CPU.Build.0 = Release|Any CPU
		{DF0619FB-DFC3-4453-AFEF-9887FDA3ADCB}.Release|x64.ActiveCfg = Release|Any CPU
		{DF0619FB-DFC3-4453-AFEF-9887FDA3ADCB}.Release|x64.Build.0 = Release|Any CPU
		{DF0619FB-DFC3-4453-AFEF-9887FDA3ADCB}.Release|x86.ActiveCfg = Release|Any CPU
		{DF0619FB-DFC3-4453-AFEF-9887FDA3ADCB}.Release|x86.Build.0 = Release|Any CPU
		{2A6060E8-288E-4347-BCF8-0F26C7453D1B}.Debug|Any CPU.ActiveCfg = Debug|Any CPU
		{2A6060E8-288E-4347-BCF8-0F26C7453D1B}.Debug|Any CPU.Build.0 = Debug|Any CPU
		{2A6060E8-288E-4347-BCF8-0F26C7453D1B}.Debug|x64.ActiveCfg = Debug|Any CPU
		{2A6060E8-288E-4347-BCF8-0F26C7453D1B}.Debug|x64.Build.0 = Debug|Any CPU
		{2A6060E8-288E-4347-BCF8-0F26C7453D1B}.Debug|x86.ActiveCfg = Debug|Any CPU
		{2A6060E8-288E-4347-BCF8-0F26C7453D1B}.Debug|x86.Build.0 = Debug|Any CPU
		{2A6060E8-288E-4347-BCF8-0F26C7453D1B}.Release|Any CPU.ActiveCfg = Release|Any CPU
		{2A6060E8-288E-4347-BCF8-0F26C7453D1B}.Release|Any CPU.Build.0 = Release|Any CPU
		{2A6060E8-288E-4347-BCF8-0F26C7453D1B}.Release|x64.ActiveCfg = Release|Any CPU
		{2A6060E8-288E-4347-BCF8-0F26C7453D1B}.Release|x64.Build.0 = Release|Any CPU
		{2A6060E8-288E-4347-BCF8-0F26C7453D1B}.Release|x86.ActiveCfg = Release|Any CPU
		{2A6060E8-288E-4347-BCF8-0F26C7453D1B}.Release|x86.Build.0 = Release|Any CPU
		{97D9F52F-EAFC-47A4-9634-42E511A5E8F5}.Debug|Any CPU.ActiveCfg = Debug|Any CPU
		{97D9F52F-EAFC-47A4-9634-42E511A5E8F5}.Debug|Any CPU.Build.0 = Debug|Any CPU
		{97D9F52F-EAFC-47A4-9634-42E511A5E8F5}.Debug|x64.ActiveCfg = Debug|Any CPU
		{97D9F52F-EAFC-47A4-9634-42E511A5E8F5}.Debug|x64.Build.0 = Debug|Any CPU
		{97D9F52F-EAFC-47A4-9634-42E511A5E8F5}.Debug|x86.ActiveCfg = Debug|Any CPU
		{97D9F52F-EAFC-47A4-9634-42E511A5E8F5}.Debug|x86.Build.0 = Debug|Any CPU
		{97D9F52F-EAFC-47A4-9634-42E511A5E8F5}.Release|Any CPU.ActiveCfg = Release|Any CPU
		{97D9F52F-EAFC-47A4-9634-42E511A5E8F5}.Release|Any CPU.Build.0 = Release|Any CPU
		{97D9F52F-EAFC-47A4-9634-42E511A5E8F5}.Release|x64.ActiveCfg = Release|Any CPU
		{97D9F52F-EAFC-47A4-9634-42E511A5E8F5}.Release|x64.Build.0 = Release|Any CPU
		{97D9F52F-EAFC-47A4-9634-42E511A5E8F5}.Release|x86.ActiveCfg = Release|Any CPU
		{97D9F52F-EAFC-47A4-9634-42E511A5E8F5}.Release|x86.Build.0 = Release|Any CPU
		{1F19106E-8BD8-43A4-9C0C-EBE11E93C5DF}.Debug|Any CPU.ActiveCfg = Debug|Any CPU
		{1F19106E-8BD8-43A4-9C0C-EBE11E93C5DF}.Debug|Any CPU.Build.0 = Debug|Any CPU
		{1F19106E-8BD8-43A4-9C0C-EBE11E93C5DF}.Debug|x64.ActiveCfg = Debug|Any CPU
		{1F19106E-8BD8-43A4-9C0C-EBE11E93C5DF}.Debug|x64.Build.0 = Debug|Any CPU
		{1F19106E-8BD8-43A4-9C0C-EBE11E93C5DF}.Debug|x86.ActiveCfg = Debug|Any CPU
		{1F19106E-8BD8-43A4-9C0C-EBE11E93C5DF}.Debug|x86.Build.0 = Debug|Any CPU
		{1F19106E-8BD8-43A4-9C0C-EBE11E93C5DF}.Release|Any CPU.ActiveCfg = Release|Any CPU
		{1F19106E-8BD8-43A4-9C0C-EBE11E93C5DF}.Release|Any CPU.Build.0 = Release|Any CPU
		{1F19106E-8BD8-43A4-9C0C-EBE11E93C5DF}.Release|x64.ActiveCfg = Release|Any CPU
		{1F19106E-8BD8-43A4-9C0C-EBE11E93C5DF}.Release|x64.Build.0 = Release|Any CPU
		{1F19106E-8BD8-43A4-9C0C-EBE11E93C5DF}.Release|x86.ActiveCfg = Release|Any CPU
		{1F19106E-8BD8-43A4-9C0C-EBE11E93C5DF}.Release|x86.Build.0 = Release|Any CPU
		{DCFBC295-A4F9-4B55-BD14-4C827449A8BF}.Debug|Any CPU.ActiveCfg = Debug|Any CPU
		{DCFBC295-A4F9-4B55-BD14-4C827449A8BF}.Debug|Any CPU.Build.0 = Debug|Any CPU
		{DCFBC295-A4F9-4B55-BD14-4C827449A8BF}.Debug|x64.ActiveCfg = Debug|Any CPU
		{DCFBC295-A4F9-4B55-BD14-4C827449A8BF}.Debug|x64.Build.0 = Debug|Any CPU
		{DCFBC295-A4F9-4B55-BD14-4C827449A8BF}.Debug|x86.ActiveCfg = Debug|Any CPU
		{DCFBC295-A4F9-4B55-BD14-4C827449A8BF}.Debug|x86.Build.0 = Debug|Any CPU
		{DCFBC295-A4F9-4B55-BD14-4C827449A8BF}.Release|Any CPU.ActiveCfg = Release|Any CPU
		{DCFBC295-A4F9-4B55-BD14-4C827449A8BF}.Release|Any CPU.Build.0 = Release|Any CPU
		{DCFBC295-A4F9-4B55-BD14-4C827449A8BF}.Release|x64.ActiveCfg = Release|Any CPU
		{DCFBC295-A4F9-4B55-BD14-4C827449A8BF}.Release|x64.Build.0 = Release|Any CPU
		{DCFBC295-A4F9-4B55-BD14-4C827449A8BF}.Release|x86.ActiveCfg = Release|Any CPU
		{DCFBC295-A4F9-4B55-BD14-4C827449A8BF}.Release|x86.Build.0 = Release|Any CPU
		{D6B5994A-B473-401E-B6F8-0E404B78F2FF}.Debug|Any CPU.ActiveCfg = Debug|Any CPU
		{D6B5994A-B473-401E-B6F8-0E404B78F2FF}.Debug|Any CPU.Build.0 = Debug|Any CPU
		{D6B5994A-B473-401E-B6F8-0E404B78F2FF}.Debug|x64.ActiveCfg = Debug|Any CPU
		{D6B5994A-B473-401E-B6F8-0E404B78F2FF}.Debug|x64.Build.0 = Debug|Any CPU
		{D6B5994A-B473-401E-B6F8-0E404B78F2FF}.Debug|x86.ActiveCfg = Debug|Any CPU
		{D6B5994A-B473-401E-B6F8-0E404B78F2FF}.Debug|x86.Build.0 = Debug|Any CPU
		{D6B5994A-B473-401E-B6F8-0E404B78F2FF}.Release|Any CPU.ActiveCfg = Release|Any CPU
		{D6B5994A-B473-401E-B6F8-0E404B78F2FF}.Release|Any CPU.Build.0 = Release|Any CPU
		{D6B5994A-B473-401E-B6F8-0E404B78F2FF}.Release|x64.ActiveCfg = Release|Any CPU
		{D6B5994A-B473-401E-B6F8-0E404B78F2FF}.Release|x64.Build.0 = Release|Any CPU
		{D6B5994A-B473-401E-B6F8-0E404B78F2FF}.Release|x86.ActiveCfg = Release|Any CPU
		{D6B5994A-B473-401E-B6F8-0E404B78F2FF}.Release|x86.Build.0 = Release|Any CPU
		{3FB232BC-C886-4ECF-A0D3-96CD8301A0DD}.Debug|Any CPU.ActiveCfg = Debug|Any CPU
		{3FB232BC-C886-4ECF-A0D3-96CD8301A0DD}.Debug|Any CPU.Build.0 = Debug|Any CPU
		{3FB232BC-C886-4ECF-A0D3-96CD8301A0DD}.Debug|x64.ActiveCfg = Debug|Any CPU
		{3FB232BC-C886-4ECF-A0D3-96CD8301A0DD}.Debug|x64.Build.0 = Debug|Any CPU
		{3FB232BC-C886-4ECF-A0D3-96CD8301A0DD}.Debug|x86.ActiveCfg = Debug|Any CPU
		{3FB232BC-C886-4ECF-A0D3-96CD8301A0DD}.Debug|x86.Build.0 = Debug|Any CPU
		{3FB232BC-C886-4ECF-A0D3-96CD8301A0DD}.Release|Any CPU.ActiveCfg = Release|Any CPU
		{3FB232BC-C886-4ECF-A0D3-96CD8301A0DD}.Release|Any CPU.Build.0 = Release|Any CPU
		{3FB232BC-C886-4ECF-A0D3-96CD8301A0DD}.Release|x64.ActiveCfg = Release|Any CPU
		{3FB232BC-C886-4ECF-A0D3-96CD8301A0DD}.Release|x64.Build.0 = Release|Any CPU
		{3FB232BC-C886-4ECF-A0D3-96CD8301A0DD}.Release|x86.ActiveCfg = Release|Any CPU
		{3FB232BC-C886-4ECF-A0D3-96CD8301A0DD}.Release|x86.Build.0 = Release|Any CPU
		{2A036F7F-D5DD-4E4F-AD3E-11E64FBC395A}.Debug|Any CPU.ActiveCfg = Debug|Any CPU
		{2A036F7F-D5DD-4E4F-AD3E-11E64FBC395A}.Debug|Any CPU.Build.0 = Debug|Any CPU
		{2A036F7F-D5DD-4E4F-AD3E-11E64FBC395A}.Debug|x64.ActiveCfg = Debug|Any CPU
		{2A036F7F-D5DD-4E4F-AD3E-11E64FBC395A}.Debug|x64.Build.0 = Debug|Any CPU
		{2A036F7F-D5DD-4E4F-AD3E-11E64FBC395A}.Debug|x86.ActiveCfg = Debug|Any CPU
		{2A036F7F-D5DD-4E4F-AD3E-11E64FBC395A}.Debug|x86.Build.0 = Debug|Any CPU
		{2A036F7F-D5DD-4E4F-AD3E-11E64FBC395A}.Release|Any CPU.ActiveCfg = Release|Any CPU
		{2A036F7F-D5DD-4E4F-AD3E-11E64FBC395A}.Release|Any CPU.Build.0 = Release|Any CPU
		{2A036F7F-D5DD-4E4F-AD3E-11E64FBC395A}.Release|x64.ActiveCfg = Release|Any CPU
		{2A036F7F-D5DD-4E4F-AD3E-11E64FBC395A}.Release|x64.Build.0 = Release|Any CPU
		{2A036F7F-D5DD-4E4F-AD3E-11E64FBC395A}.Release|x86.ActiveCfg = Release|Any CPU
		{2A036F7F-D5DD-4E4F-AD3E-11E64FBC395A}.Release|x86.Build.0 = Release|Any CPU
		{BEDFA8A8-CC2F-4F7E-8ECD-DE98A43910B4}.Debug|Any CPU.ActiveCfg = Debug|Any CPU
		{BEDFA8A8-CC2F-4F7E-8ECD-DE98A43910B4}.Debug|Any CPU.Build.0 = Debug|Any CPU
		{BEDFA8A8-CC2F-4F7E-8ECD-DE98A43910B4}.Debug|x64.ActiveCfg = Debug|Any CPU
		{BEDFA8A8-CC2F-4F7E-8ECD-DE98A43910B4}.Debug|x64.Build.0 = Debug|Any CPU
		{BEDFA8A8-CC2F-4F7E-8ECD-DE98A43910B4}.Debug|x86.ActiveCfg = Debug|Any CPU
		{BEDFA8A8-CC2F-4F7E-8ECD-DE98A43910B4}.Debug|x86.Build.0 = Debug|Any CPU
		{BEDFA8A8-CC2F-4F7E-8ECD-DE98A43910B4}.Release|Any CPU.ActiveCfg = Release|Any CPU
		{BEDFA8A8-CC2F-4F7E-8ECD-DE98A43910B4}.Release|Any CPU.Build.0 = Release|Any CPU
		{BEDFA8A8-CC2F-4F7E-8ECD-DE98A43910B4}.Release|x64.ActiveCfg = Release|Any CPU
		{BEDFA8A8-CC2F-4F7E-8ECD-DE98A43910B4}.Release|x64.Build.0 = Release|Any CPU
		{BEDFA8A8-CC2F-4F7E-8ECD-DE98A43910B4}.Release|x86.ActiveCfg = Release|Any CPU
		{BEDFA8A8-CC2F-4F7E-8ECD-DE98A43910B4}.Release|x86.Build.0 = Release|Any CPU
		{AE1C6C73-D94B-4B5B-88BD-7B317CFA7FA8}.Debug|Any CPU.ActiveCfg = Debug|Any CPU
		{AE1C6C73-D94B-4B5B-88BD-7B317CFA7FA8}.Debug|Any CPU.Build.0 = Debug|Any CPU
		{AE1C6C73-D94B-4B5B-88BD-7B317CFA7FA8}.Debug|x64.ActiveCfg = Debug|Any CPU
		{AE1C6C73-D94B-4B5B-88BD-7B317CFA7FA8}.Debug|x64.Build.0 = Debug|Any CPU
		{AE1C6C73-D94B-4B5B-88BD-7B317CFA7FA8}.Debug|x86.ActiveCfg = Debug|Any CPU
		{AE1C6C73-D94B-4B5B-88BD-7B317CFA7FA8}.Debug|x86.Build.0 = Debug|Any CPU
		{AE1C6C73-D94B-4B5B-88BD-7B317CFA7FA8}.Release|Any CPU.ActiveCfg = Release|Any CPU
		{AE1C6C73-D94B-4B5B-88BD-7B317CFA7FA8}.Release|Any CPU.Build.0 = Release|Any CPU
		{AE1C6C73-D94B-4B5B-88BD-7B317CFA7FA8}.Release|x64.ActiveCfg = Release|Any CPU
		{AE1C6C73-D94B-4B5B-88BD-7B317CFA7FA8}.Release|x64.Build.0 = Release|Any CPU
		{AE1C6C73-D94B-4B5B-88BD-7B317CFA7FA8}.Release|x86.ActiveCfg = Release|Any CPU
		{AE1C6C73-D94B-4B5B-88BD-7B317CFA7FA8}.Release|x86.Build.0 = Release|Any CPU
	EndGlobalSection
	GlobalSection(SolutionProperties) = preSolution
		HideSolutionNode = FALSE
	EndGlobalSection
	GlobalSection(NestedProjects) = preSolution
		{66AC1CF6-0497-4D6E-BD5E-30E8C452690F} = {827E0CD3-B72D-47B6-A68D-7590B98EB39B}
		{1FE68D18-EC8E-441D-994A-47374E6FDF6D} = {827E0CD3-B72D-47B6-A68D-7590B98EB39B}
		{2A9FB3E4-CE30-45A6-AABD-6891142B31F7} = {827E0CD3-B72D-47B6-A68D-7590B98EB39B}
		{7E7A6D05-5E04-4AAE-9DF0-15750098D7CE} = {827E0CD3-B72D-47B6-A68D-7590B98EB39B}
		{227E8FE7-C244-4BB2-B853-632FF904EC73} = {827E0CD3-B72D-47B6-A68D-7590B98EB39B}
		{ADAB8B25-A68F-4A74-9E07-EF8CD6F527DE} = {827E0CD3-B72D-47B6-A68D-7590B98EB39B}
		{6D6EDFA3-6834-4CAF-8162-D14005928C4D} = {827E0CD3-B72D-47B6-A68D-7590B98EB39B}
		{10ED3EB5-AED0-4CC8-8FCE-5123AAB8571B} = {827E0CD3-B72D-47B6-A68D-7590B98EB39B}
		{DF0619FB-DFC3-4453-AFEF-9887FDA3ADCB} = {827E0CD3-B72D-47B6-A68D-7590B98EB39B}
		{2A6060E8-288E-4347-BCF8-0F26C7453D1B} = {827E0CD3-B72D-47B6-A68D-7590B98EB39B}
		{97D9F52F-EAFC-47A4-9634-42E511A5E8F5} = {827E0CD3-B72D-47B6-A68D-7590B98EB39B}
		{1F19106E-8BD8-43A4-9C0C-EBE11E93C5DF} = {827E0CD3-B72D-47B6-A68D-7590B98EB39B}
		{DCFBC295-A4F9-4B55-BD14-4C827449A8BF} = {827E0CD3-B72D-47B6-A68D-7590B98EB39B}
		{D6B5994A-B473-401E-B6F8-0E404B78F2FF} = {827E0CD3-B72D-47B6-A68D-7590B98EB39B}
		{3FB232BC-C886-4ECF-A0D3-96CD8301A0DD} = {827E0CD3-B72D-47B6-A68D-7590B98EB39B}
		{2A036F7F-D5DD-4E4F-AD3E-11E64FBC395A} = {0AB3BF05-4346-4AA6-1389-037BE0695223}
		{BEDFA8A8-CC2F-4F7E-8ECD-DE98A43910B4} = {0AB3BF05-4346-4AA6-1389-037BE0695223}
		{AE1C6C73-D94B-4B5B-88BD-7B317CFA7FA8} = {0AB3BF05-4346-4AA6-1389-037BE0695223}
	EndGlobalSection
EndGlobal
